<?xml version="1.0" encoding="utf-8"?>
<Project ToolsVersion="4.0" xmlns="http://schemas.microsoft.com/developer/msbuild/2003">
  <ItemGroup>
    <Filter Include="Header Files">
      <UniqueIdentifier>{93995380-89BD-4b04-88EB-625FBE52EBFB}</UniqueIdentifier>
      <Extensions>h;hpp;hxx;hm;inl;inc;xsd</Extensions>
    </Filter>
    <Filter Include="Header Files\360">
      <UniqueIdentifier>{740056e8-6476-4e8c-b9cb-767bebdb5c60}</UniqueIdentifier>
    </Filter>
    <Filter Include="Header Files\audio">
      <UniqueIdentifier>{747ac5fa-bd8a-4e60-9246-7a8fb0d38b85}</UniqueIdentifier>
    </Filter>
    <Filter Include="Source Files">
      <UniqueIdentifier>{4FC737F1-C7A5-4376-A066-2A32D752A2FF}</UniqueIdentifier>
      <Extensions>cpp;c;cxx;def;odl;idl;hpj;bat;asm;asmx</Extensions>
    </Filter>
    <Filter Include="Source Files\360">
      <UniqueIdentifier>{b9371e8d-2e72-4ced-8bf6-6ee6a77a1f78}</UniqueIdentifier>
    </Filter>
    <Filter Include="Source Files\audio">
      <UniqueIdentifier>{c8038d65-499b-493b-80e9-90bd7c57383f}</UniqueIdentifier>
    </Filter>
    <Filter Include="Header Files\conf">
      <UniqueIdentifier>{755ce6db-d242-40fb-9c8b-c14154fc94e1}</UniqueIdentifier>
    </Filter>
    <Filter Include="Source Files\conf">
      <UniqueIdentifier>{82e8787f-e939-4783-82e1-fcab34285121}</UniqueIdentifier>
    </Filter>
  </ItemGroup>
  <ItemGroup>
    <ClCompile Include="..\..\360\xdk360_video.cpp">
      <Filter>Source Files\360</Filter>
    </ClCompile>
    <ClCompile Include="..\..\360\xdk360_input.cpp">
      <Filter>Source Files\360</Filter>
    </ClCompile>
    <ClCompile Include="..\..\ups.c">
      <Filter>Source Files</Filter>
    </ClCompile>
    <ClCompile Include="..\..\autosave.c">
      <Filter>Source Files</Filter>
    </ClCompile>
    <ClCompile Include="..\..\bps.c">
      <Filter>Source Files</Filter>
    </ClCompile>
    <ClCompile Include="..\..\cheats.c">
      <Filter>Source Files</Filter>
    </ClCompile>
    <ClCompile Include="..\..\driver.c">
      <Filter>Source Files</Filter>
    </ClCompile>
    <ClCompile Include="..\..\dynamic.c">
      <Filter>Source Files</Filter>
    </ClCompile>
    <ClCompile Include="..\..\fifo_buffer.c">
      <Filter>Source Files</Filter>
    </ClCompile>
    <ClCompile Include="..\..\file.c">
      <Filter>Source Files</Filter>
    </ClCompile>
    <ClCompile Include="..\..\getopt.c">
      <Filter>Source Files</Filter>
    </ClCompile>
    <ClCompile Include="..\..\message.c">
      <Filter>Source Files</Filter>
    </ClCompile>
    <ClCompile Include="..\..\movie.c">
      <Filter>Source Files</Filter>
    </ClCompile>
    <ClCompile Include="..\..\netplay.c">
      <Filter>Source Files</Filter>
    </ClCompile>
    <ClCompile Include="..\..\posix_string.c">
      <Filter>Source Files</Filter>
    </ClCompile>
    <ClCompile Include="..\..\rewind.c">
      <Filter>Source Files</Filter>
    </ClCompile>
    <ClCompile Include="..\..\screenshot.c">
      <Filter>Source Files</Filter>
    </ClCompile>
    <ClCompile Include="..\..\settings.c">
      <Filter>Source Files</Filter>
    </ClCompile>
    <ClCompile Include="..\..\sha256.c">
      <Filter>Source Files</Filter>
    </ClCompile>
    <ClCompile Include="..\..\ssnes.c">
      <Filter>Source Files</Filter>
    </ClCompile>
    <ClCompile Include="..\..\strl.c">
      <Filter>Source Files</Filter>
    </ClCompile>
    <ClCompile Include="..\..\thread.c">
      <Filter>Source Files</Filter>
    </ClCompile>
    <ClCompile Include="..\..\audio\hermite.c">
      <Filter>Source Files\audio</Filter>
    </ClCompile>
    <ClCompile Include="..\..\audio\utils.c">
      <Filter>Source Files\audio</Filter>
    </ClCompile>
    <ClCompile Include="..\..\360\xdk360_audio.cpp">
      <Filter>Source Files\360</Filter>
    </ClCompile>
    <ClCompile Include="..\..\360\main.c">
      <Filter>Source Files\360</Filter>
    </ClCompile>
    <ClCompile Include="..\..\conf\config_file.c">
      <Filter>Source Files\conf</Filter>
    </ClCompile>
    <ClCompile Include="..\..\360\menu.cpp">
      <Filter>Source Files\360</Filter>
    </ClCompile>
  </ItemGroup>
  <ItemGroup>
    <ClInclude Include="..\..\ups.h">
      <Filter>Header Files</Filter>
    </ClInclude>
    <ClInclude Include="..\..\autosave.h">
      <Filter>Header Files</Filter>
    </ClInclude>
    <ClInclude Include="..\..\boolean.h">
      <Filter>Header Files</Filter>
    </ClInclude>
    <ClInclude Include="..\..\bps.h">
      <Filter>Header Files</Filter>
    </ClInclude>
    <ClInclude Include="..\..\cheats.h">
      <Filter>Header Files</Filter>
    </ClInclude>
    <ClInclude Include="..\..\config.def.h">
      <Filter>Header Files</Filter>
    </ClInclude>
    <ClInclude Include="..\..\config.features.h">
      <Filter>Header Files</Filter>
    </ClInclude>
    <ClInclude Include="..\..\driver.h">
      <Filter>Header Files</Filter>
    </ClInclude>
    <ClInclude Include="..\..\dynamic.h">
      <Filter>Header Files</Filter>
    </ClInclude>
    <ClInclude Include="..\..\fifo_buffer.h">
      <Filter>Header Files</Filter>
    </ClInclude>
    <ClInclude Include="..\..\file.h">
      <Filter>Header Files</Filter>
    </ClInclude>
    <ClInclude Include="..\..\general.h">
      <Filter>Header Files</Filter>
    </ClInclude>
    <ClInclude Include="..\..\getopt_ssnes.h">
      <Filter>Header Files</Filter>
    </ClInclude>
    <ClInclude Include="..\..\libsnes.hpp">
      <Filter>Header Files</Filter>
    </ClInclude>
    <ClInclude Include="..\..\message.h">
      <Filter>Header Files</Filter>
    </ClInclude>
    <ClInclude Include="..\..\movie.h">
      <Filter>Header Files</Filter>
    </ClInclude>
    <ClInclude Include="..\..\netplay.h">
      <Filter>Header Files</Filter>
    </ClInclude>
    <ClInclude Include="..\..\posix_string.h">
      <Filter>Header Files</Filter>
    </ClInclude>
    <ClInclude Include="..\..\rewind.h">
      <Filter>Header Files</Filter>
    </ClInclude>
    <ClInclude Include="..\..\screenshot.h">
      <Filter>Header Files</Filter>
    </ClInclude>
    <ClInclude Include="..\..\sha256.h">
      <Filter>Header Files</Filter>
    </ClInclude>
    <ClInclude Include="..\..\strl.h">
      <Filter>Header Files</Filter>
    </ClInclude>
    <ClInclude Include="..\..\thread.h">
      <Filter>Header Files</Filter>
    </ClInclude>
    <ClInclude Include="..\..\360\xdk360_audio.h">
      <Filter>Header Files\360</Filter>
    </ClInclude>
    <ClInclude Include="..\..\360\msvc_compat.h">
      <Filter>Header Files\360</Filter>
    </ClInclude>
    <ClInclude Include="..\..\audio\hermite.h">
      <Filter>Header Files\audio</Filter>
    </ClInclude>
    <ClInclude Include="..\..\audio\utils.h">
      <Filter>Header Files\audio</Filter>
    </ClInclude>
    <ClInclude Include="..\..\conf\config_file.h">
      <Filter>Header Files\conf</Filter>
    </ClInclude>
  </ItemGroup>
</Project>