// !$*UTF8*$!
{
	archiveVersion = 1;
	classes = {
	};
	objectVersion = 46;
	objects = {

/* Begin PBXBuildFile section */
		041939EE22A0F4E400684552 /* GCDWebServerResponse.m in Sources */ = {isa = PBXBuildFile; fileRef = 041939CC22A0F4E400684552 /* GCDWebServerResponse.m */; };
		041939EF22A0F4E400684552 /* GCDWebServerRequest.m in Sources */ = {isa = PBXBuildFile; fileRef = 041939CF22A0F4E400684552 /* GCDWebServerRequest.m */; };
		041939F022A0F4E400684552 /* GCDWebServerFunctions.m in Sources */ = {isa = PBXBuildFile; fileRef = 041939D222A0F4E400684552 /* GCDWebServerFunctions.m */; };
		041939F122A0F4E400684552 /* GCDWebServer.m in Sources */ = {isa = PBXBuildFile; fileRef = 041939D322A0F4E400684552 /* GCDWebServer.m */; };
		041939F222A0F4E400684552 /* GCDWebServerConnection.m in Sources */ = {isa = PBXBuildFile; fileRef = 041939D422A0F4E400684552 /* GCDWebServerConnection.m */; };
		041939F322A0F4E400684552 /* GCDWebServerErrorResponse.m in Sources */ = {isa = PBXBuildFile; fileRef = 041939D922A0F4E400684552 /* GCDWebServerErrorResponse.m */; };
		041939F422A0F4E400684552 /* GCDWebServerFileResponse.m in Sources */ = {isa = PBXBuildFile; fileRef = 041939DB22A0F4E400684552 /* GCDWebServerFileResponse.m */; };
		041939F522A0F4E400684552 /* GCDWebServerDataResponse.m in Sources */ = {isa = PBXBuildFile; fileRef = 041939DC22A0F4E400684552 /* GCDWebServerDataResponse.m */; };
		041939F622A0F4E400684552 /* GCDWebServerStreamedResponse.m in Sources */ = {isa = PBXBuildFile; fileRef = 041939DE22A0F4E400684552 /* GCDWebServerStreamedResponse.m */; };
		041939F722A0F4E400684552 /* GCDWebServerURLEncodedFormRequest.m in Sources */ = {isa = PBXBuildFile; fileRef = 041939E322A0F4E400684552 /* GCDWebServerURLEncodedFormRequest.m */; };
		041939F822A0F4E400684552 /* GCDWebServerMultiPartFormRequest.m in Sources */ = {isa = PBXBuildFile; fileRef = 041939E422A0F4E400684552 /* GCDWebServerMultiPartFormRequest.m */; };
		041939F922A0F4E400684552 /* GCDWebServerDataRequest.m in Sources */ = {isa = PBXBuildFile; fileRef = 041939E522A0F4E400684552 /* GCDWebServerDataRequest.m */; };
		041939FA22A0F4E400684552 /* GCDWebServerFileRequest.m in Sources */ = {isa = PBXBuildFile; fileRef = 041939E622A0F4E400684552 /* GCDWebServerFileRequest.m */; };
		041939FB22A0F4E400684552 /* WebServer.m in Sources */ = {isa = PBXBuildFile; fileRef = 041939E922A0F4E400684552 /* WebServer.m */; };
		041939FC22A0F4E400684552 /* GCDWebUploader.bundle in Resources */ = {isa = PBXBuildFile; fileRef = 041939EB22A0F4E400684552 /* GCDWebUploader.bundle */; };
		041939FD22A0F4E400684552 /* GCDWebUploader.m in Sources */ = {isa = PBXBuildFile; fileRef = 041939ED22A0F4E400684552 /* GCDWebUploader.m */; };
		501232CA192E5FC40063A359 /* griffin.c in Sources */ = {isa = PBXBuildFile; fileRef = 501232C9192E5FC40063A359 /* griffin.c */; };
		501232CC192E5FDC0063A359 /* sinc_resampler_neon.S in Sources */ = {isa = PBXBuildFile; fileRef = 501232CB192E5FDC0063A359 /* sinc_resampler_neon.S */; };
		501232CE192E5FE30063A359 /* s16_to_float_neon.S in Sources */ = {isa = PBXBuildFile; fileRef = 501232CD192E5FE30063A359 /* s16_to_float_neon.S */; };
		501881EC184BAD6D006F665D /* AVFoundation.framework in Frameworks */ = {isa = PBXBuildFile; fileRef = 501881EB184BAD6D006F665D /* AVFoundation.framework */; };
		501881EE184BB54C006F665D /* CoreMedia.framework in Frameworks */ = {isa = PBXBuildFile; fileRef = 501881ED184BB54C006F665D /* CoreMedia.framework */; };
		5040F0501AE47ED4006F6972 /* libz.dylib in Frameworks */ = {isa = PBXBuildFile; fileRef = 5040F04F1AE47ED4006F6972 /* libz.dylib */; };
		5041BAF41A9D40D000A77A33 /* GameController.framework in Frameworks */ = {isa = PBXBuildFile; fileRef = 963C3C33186E3DED00A6EB1E /* GameController.framework */; settings = {ATTRIBUTES = (Weak, ); }; };
		50521A441AA23BF500185CC9 /* griffin_objc.m in Sources */ = {isa = PBXBuildFile; fileRef = 50521A431AA23BF500185CC9 /* griffin_objc.m */; };
		507E056B1CE9C67500E023D3 /* float_to_s16_neon.S in Sources */ = {isa = PBXBuildFile; fileRef = 507E056A1CE9C67500E023D3 /* float_to_s16_neon.S */; };
		50C3B1AE1AB1107200F478D3 /* QuartzCore.framework in Frameworks */ = {isa = PBXBuildFile; fileRef = 50C3B1AD1AB1107100F478D3 /* QuartzCore.framework */; };
		50CCC828185E0E7D001F5BC8 /* CoreLocation.framework in Frameworks */ = {isa = PBXBuildFile; fileRef = 50CCC827185E0E7D001F5BC8 /* CoreLocation.framework */; };
		50D00E8E19D117C400EBA71E /* cc_resampler_neon.S in Sources */ = {isa = PBXBuildFile; fileRef = 50D00E8D19D117C400EBA71E /* cc_resampler_neon.S */; };
		50E7189F184B88AA001956CE /* CoreVideo.framework in Frameworks */ = {isa = PBXBuildFile; fileRef = 50E7189E184B88AA001956CE /* CoreVideo.framework */; };
		696012F219F3389A006A1088 /* CoreText.framework in Frameworks */ = {isa = PBXBuildFile; fileRef = 696012F119F3389A006A1088 /* CoreText.framework */; };
		69D31DE41A547EC800EF4C92 /* iOS/Resources/Media.xcassets in Resources */ = {isa = PBXBuildFile; fileRef = 69D31DE31A547EC800EF4C92 /* iOS/Resources/Media.xcassets */; };
		83EB676019EEAF050096F441 /* iOS/modules in Resources */ = {isa = PBXBuildFile; fileRef = 83EB675F19EEAF050096F441 /* iOS/modules */; };
		96366C5516C9AC3300D64A22 /* CoreAudio.framework in Frameworks */ = {isa = PBXBuildFile; fileRef = 96366C5416C9AC3300D64A22 /* CoreAudio.framework */; };
		96366C5916C9ACF500D64A22 /* AudioToolbox.framework in Frameworks */ = {isa = PBXBuildFile; fileRef = 96366C5816C9ACF500D64A22 /* AudioToolbox.framework */; };
		967894631788EBD800D6CA69 /* InfoPlist.strings in Resources */ = {isa = PBXBuildFile; fileRef = 967894611788EBD800D6CA69 /* InfoPlist.strings */; };
		96AFAE2A16C1D4EA009DE44C /* UIKit.framework in Frameworks */ = {isa = PBXBuildFile; fileRef = 96AFAE2916C1D4EA009DE44C /* UIKit.framework */; };
		96AFAE2C16C1D4EA009DE44C /* Foundation.framework in Frameworks */ = {isa = PBXBuildFile; fileRef = 96AFAE2B16C1D4EA009DE44C /* Foundation.framework */; };
		96AFAE2E16C1D4EA009DE44C /* CoreGraphics.framework in Frameworks */ = {isa = PBXBuildFile; fileRef = 96AFAE2D16C1D4EA009DE44C /* CoreGraphics.framework */; };
		96AFAE3016C1D4EA009DE44C /* GLKit.framework in Frameworks */ = {isa = PBXBuildFile; fileRef = 96AFAE2F16C1D4EA009DE44C /* GLKit.framework */; };
		96AFAE3216C1D4EA009DE44C /* OpenGLES.framework in Frameworks */ = {isa = PBXBuildFile; fileRef = 96AFAE3116C1D4EA009DE44C /* OpenGLES.framework */; };
		92CC05C521FEDC9F00FF79F0 /* CFNetwork.framework in Frameworks */ = {isa = PBXBuildFile; fileRef = 92CC05C421FEDC9F00FF79F0 /* CFNetwork.framework */; };
		92CC05C721FEDD0B00FF79F0 /* MobileCoreServices.framework in Frameworks */ = {isa = PBXBuildFile; fileRef = 92CC05C621FEDD0B00FF79F0 /* MobileCoreServices.framework */; };
/* End PBXBuildFile section */

/* Begin PBXFileReference section */
		041939CA22A0F4E400684552 /* GCDWebServerFunctions.h */ = {isa = PBXFileReference; fileEncoding = 4; lastKnownFileType = sourcecode.c.h; path = GCDWebServerFunctions.h; sourceTree = "<group>"; };
		041939CB22A0F4E400684552 /* GCDWebServerPrivate.h */ = {isa = PBXFileReference; fileEncoding = 4; lastKnownFileType = sourcecode.c.h; path = GCDWebServerPrivate.h; sourceTree = "<group>"; };
		041939CC22A0F4E400684552 /* GCDWebServerResponse.m */ = {isa = PBXFileReference; fileEncoding = 4; lastKnownFileType = sourcecode.c.objc; path = GCDWebServerResponse.m; sourceTree = "<group>"; };
		041939CD22A0F4E400684552 /* GCDWebServerConnection.h */ = {isa = PBXFileReference; fileEncoding = 4; lastKnownFileType = sourcecode.c.h; path = GCDWebServerConnection.h; sourceTree = "<group>"; };
		041939CE22A0F4E400684552 /* GCDWebServer.h */ = {isa = PBXFileReference; fileEncoding = 4; lastKnownFileType = sourcecode.c.h; path = GCDWebServer.h; sourceTree = "<group>"; };
		041939CF22A0F4E400684552 /* GCDWebServerRequest.m */ = {isa = PBXFileReference; fileEncoding = 4; lastKnownFileType = sourcecode.c.objc; path = GCDWebServerRequest.m; sourceTree = "<group>"; };
		041939D022A0F4E400684552 /* GCDWebServerHTTPStatusCodes.h */ = {isa = PBXFileReference; fileEncoding = 4; lastKnownFileType = sourcecode.c.h; path = GCDWebServerHTTPStatusCodes.h; sourceTree = "<group>"; };
		041939D122A0F4E400684552 /* GCDWebServerResponse.h */ = {isa = PBXFileReference; fileEncoding = 4; lastKnownFileType = sourcecode.c.h; path = GCDWebServerResponse.h; sourceTree = "<group>"; };
		041939D222A0F4E400684552 /* GCDWebServerFunctions.m */ = {isa = PBXFileReference; fileEncoding = 4; lastKnownFileType = sourcecode.c.objc; path = GCDWebServerFunctions.m; sourceTree = "<group>"; };
		041939D322A0F4E400684552 /* GCDWebServer.m */ = {isa = PBXFileReference; fileEncoding = 4; lastKnownFileType = sourcecode.c.objc; path = GCDWebServer.m; sourceTree = "<group>"; };
		041939D422A0F4E400684552 /* GCDWebServerConnection.m */ = {isa = PBXFileReference; fileEncoding = 4; lastKnownFileType = sourcecode.c.objc; path = GCDWebServerConnection.m; sourceTree = "<group>"; };
		041939D522A0F4E400684552 /* GCDWebServerRequest.h */ = {isa = PBXFileReference; fileEncoding = 4; lastKnownFileType = sourcecode.c.h; path = GCDWebServerRequest.h; sourceTree = "<group>"; };
		041939D722A0F4E400684552 /* GCDWebServerFileResponse.h */ = {isa = PBXFileReference; fileEncoding = 4; lastKnownFileType = sourcecode.c.h; path = GCDWebServerFileResponse.h; sourceTree = "<group>"; };
		041939D822A0F4E400684552 /* GCDWebServerStreamedResponse.h */ = {isa = PBXFileReference; fileEncoding = 4; lastKnownFileType = sourcecode.c.h; path = GCDWebServerStreamedResponse.h; sourceTree = "<group>"; };
		041939D922A0F4E400684552 /* GCDWebServerErrorResponse.m */ = {isa = PBXFileReference; fileEncoding = 4; lastKnownFileType = sourcecode.c.objc; path = GCDWebServerErrorResponse.m; sourceTree = "<group>"; };
		041939DA22A0F4E400684552 /* GCDWebServerDataResponse.h */ = {isa = PBXFileReference; fileEncoding = 4; lastKnownFileType = sourcecode.c.h; path = GCDWebServerDataResponse.h; sourceTree = "<group>"; };
		041939DB22A0F4E400684552 /* GCDWebServerFileResponse.m */ = {isa = PBXFileReference; fileEncoding = 4; lastKnownFileType = sourcecode.c.objc; path = GCDWebServerFileResponse.m; sourceTree = "<group>"; };
		041939DC22A0F4E400684552 /* GCDWebServerDataResponse.m */ = {isa = PBXFileReference; fileEncoding = 4; lastKnownFileType = sourcecode.c.objc; path = GCDWebServerDataResponse.m; sourceTree = "<group>"; };
		041939DD22A0F4E400684552 /* GCDWebServerErrorResponse.h */ = {isa = PBXFileReference; fileEncoding = 4; lastKnownFileType = sourcecode.c.h; path = GCDWebServerErrorResponse.h; sourceTree = "<group>"; };
		041939DE22A0F4E400684552 /* GCDWebServerStreamedResponse.m */ = {isa = PBXFileReference; fileEncoding = 4; lastKnownFileType = sourcecode.c.objc; path = GCDWebServerStreamedResponse.m; sourceTree = "<group>"; };
		041939E022A0F4E400684552 /* GCDWebServerDataRequest.h */ = {isa = PBXFileReference; fileEncoding = 4; lastKnownFileType = sourcecode.c.h; path = GCDWebServerDataRequest.h; sourceTree = "<group>"; };
		041939E122A0F4E400684552 /* GCDWebServerMultiPartFormRequest.h */ = {isa = PBXFileReference; fileEncoding = 4; lastKnownFileType = sourcecode.c.h; path = GCDWebServerMultiPartFormRequest.h; sourceTree = "<group>"; };
		041939E222A0F4E400684552 /* GCDWebServerFileRequest.h */ = {isa = PBXFileReference; fileEncoding = 4; lastKnownFileType = sourcecode.c.h; path = GCDWebServerFileRequest.h; sourceTree = "<group>"; };
		041939E322A0F4E400684552 /* GCDWebServerURLEncodedFormRequest.m */ = {isa = PBXFileReference; fileEncoding = 4; lastKnownFileType = sourcecode.c.objc; path = GCDWebServerURLEncodedFormRequest.m; sourceTree = "<group>"; };
		041939E422A0F4E400684552 /* GCDWebServerMultiPartFormRequest.m */ = {isa = PBXFileReference; fileEncoding = 4; lastKnownFileType = sourcecode.c.objc; path = GCDWebServerMultiPartFormRequest.m; sourceTree = "<group>"; };
		041939E522A0F4E400684552 /* GCDWebServerDataRequest.m */ = {isa = PBXFileReference; fileEncoding = 4; lastKnownFileType = sourcecode.c.objc; path = GCDWebServerDataRequest.m; sourceTree = "<group>"; };
		041939E622A0F4E400684552 /* GCDWebServerFileRequest.m */ = {isa = PBXFileReference; fileEncoding = 4; lastKnownFileType = sourcecode.c.objc; path = GCDWebServerFileRequest.m; sourceTree = "<group>"; };
		041939E722A0F4E400684552 /* GCDWebServerURLEncodedFormRequest.h */ = {isa = PBXFileReference; fileEncoding = 4; lastKnownFileType = sourcecode.c.h; path = GCDWebServerURLEncodedFormRequest.h; sourceTree = "<group>"; };
		041939E822A0F4E400684552 /* WebServer.h */ = {isa = PBXFileReference; fileEncoding = 4; lastKnownFileType = sourcecode.c.h; path = WebServer.h; sourceTree = "<group>"; };
		041939E922A0F4E400684552 /* WebServer.m */ = {isa = PBXFileReference; fileEncoding = 4; lastKnownFileType = sourcecode.c.objc; path = WebServer.m; sourceTree = "<group>"; };
		041939EB22A0F4E400684552 /* GCDWebUploader.bundle */ = {isa = PBXFileReference; lastKnownFileType = "wrapper.plug-in"; path = GCDWebUploader.bundle; sourceTree = "<group>"; };
		041939EC22A0F4E400684552 /* GCDWebUploader.h */ = {isa = PBXFileReference; fileEncoding = 4; lastKnownFileType = sourcecode.c.h; path = GCDWebUploader.h; sourceTree = "<group>"; };
		041939ED22A0F4E400684552 /* GCDWebUploader.m */ = {isa = PBXFileReference; fileEncoding = 4; lastKnownFileType = sourcecode.c.objc; path = GCDWebUploader.m; sourceTree = "<group>"; };
		0FDA2A921BE1AFA800F2B5DA /* RetroArch_iOS9-Info.plist */ = {isa = PBXFileReference; lastKnownFileType = text.plist.xml; name = "RetroArch_iOS9-Info.plist"; path = "/Users/buildbot/buildbot/ios/retroarch/pkg/apple/RetroArch_iOS9-Info.plist"; sourceTree = "<absolute>"; };
		501232C9192E5FC40063A359 /* griffin.c */ = {isa = PBXFileReference; fileEncoding = 4; lastKnownFileType = sourcecode.c.c; name = griffin.c; path = ../../griffin/griffin.c; sourceTree = SOURCE_ROOT; };
		501232CB192E5FDC0063A359 /* sinc_resampler_neon.S */ = {isa = PBXFileReference; fileEncoding = 4; lastKnownFileType = sourcecode.asm; name = sinc_resampler_neon.S; path = "../../libretro-common/audio/resampler/drivers/sinc_resampler_neon.S"; sourceTree = SOURCE_ROOT; };
		501232CD192E5FE30063A359 /* s16_to_float_neon.S */ = {isa = PBXFileReference; fileEncoding = 4; lastKnownFileType = sourcecode.asm; name = s16_to_float_neon.S; path = "../../libretro-common/audio/conversion/s16_to_float_neon.S"; sourceTree = SOURCE_ROOT; };
		501881EB184BAD6D006F665D /* AVFoundation.framework */ = {isa = PBXFileReference; lastKnownFileType = wrapper.framework; name = AVFoundation.framework; path = System/Library/Frameworks/AVFoundation.framework; sourceTree = SDKROOT; };
		501881ED184BB54C006F665D /* CoreMedia.framework */ = {isa = PBXFileReference; lastKnownFileType = wrapper.framework; name = CoreMedia.framework; path = System/Library/Frameworks/CoreMedia.framework; sourceTree = SDKROOT; };
		503700AE1ACA18E400A51A37 /* Info.plist */ = {isa = PBXFileReference; lastKnownFileType = text.plist.xml; name = Info.plist; path = iOS/Info.plist; sourceTree = SOURCE_ROOT; };
		5040F04F1AE47ED4006F6972 /* libz.dylib */ = {isa = PBXFileReference; lastKnownFileType = "compiled.mach-o.dylib"; name = libz.dylib; path = usr/lib/libz.dylib; sourceTree = SDKROOT; };
		50521A431AA23BF500185CC9 /* griffin_objc.m */ = {isa = PBXFileReference; fileEncoding = 4; lastKnownFileType = sourcecode.c.objc; name = griffin_objc.m; path = ../../griffin/griffin_objc.m; sourceTree = SOURCE_ROOT; };
		507E056A1CE9C67500E023D3 /* float_to_s16_neon.S */ = {isa = PBXFileReference; fileEncoding = 4; lastKnownFileType = sourcecode.asm; name = float_to_s16_neon.S; path = "../../libretro-common/audio/conversion/float_to_s16_neon.S"; sourceTree = SOURCE_ROOT; };
		50C3B1AD1AB1107100F478D3 /* QuartzCore.framework */ = {isa = PBXFileReference; lastKnownFileType = wrapper.framework; name = QuartzCore.framework; path = System/Library/Frameworks/QuartzCore.framework; sourceTree = SDKROOT; };
		50CCC827185E0E7D001F5BC8 /* CoreLocation.framework */ = {isa = PBXFileReference; lastKnownFileType = wrapper.framework; name = CoreLocation.framework; path = System/Library/Frameworks/CoreLocation.framework; sourceTree = SDKROOT; };
		50D00E8D19D117C400EBA71E /* cc_resampler_neon.S */ = {isa = PBXFileReference; lastKnownFileType = sourcecode.asm; name = cc_resampler_neon.S; path = ../../audio/drivers_resampler/cc_resampler_neon.S; sourceTree = SOURCE_ROOT; };
		50E7189E184B88AA001956CE /* CoreVideo.framework */ = {isa = PBXFileReference; lastKnownFileType = wrapper.framework; name = CoreVideo.framework; path = System/Library/Frameworks/CoreVideo.framework; sourceTree = SDKROOT; };
		696012F119F3389A006A1088 /* CoreText.framework */ = {isa = PBXFileReference; lastKnownFileType = wrapper.framework; name = CoreText.framework; path = System/Library/Frameworks/CoreText.framework; sourceTree = SDKROOT; };
		69D31DE31A547EC800EF4C92 /* iOS/Resources/Media.xcassets */ = {isa = PBXFileReference; lastKnownFileType = folder.assetcatalog; path = iOS/Resources/Media.xcassets; sourceTree = SOURCE_ROOT; };
		83EB675F19EEAF050096F441 /* iOS/modules */ = {isa = PBXFileReference; lastKnownFileType = folder; path = iOS/modules; sourceTree = SOURCE_ROOT; };
		92CC05C421FEDC9F00FF79F0 /* CFNetwork.framework */ = {isa = PBXFileReference; lastKnownFileType = wrapper.framework; name = CFNetwork.framework; path = System/Library/Frameworks/CFNetwork.framework; sourceTree = SDKROOT; };
		92CC05C621FEDD0B00FF79F0 /* MobileCoreServices.framework */ = {isa = PBXFileReference; lastKnownFileType = wrapper.framework; name = MobileCoreServices.framework; path = System/Library/Frameworks/MobileCoreServices.framework; sourceTree = SDKROOT; };
		96366C5416C9AC3300D64A22 /* CoreAudio.framework */ = {isa = PBXFileReference; lastKnownFileType = wrapper.framework; name = CoreAudio.framework; path = System/Library/Frameworks/CoreAudio.framework; sourceTree = SDKROOT; };
		96366C5816C9ACF500D64A22 /* AudioToolbox.framework */ = {isa = PBXFileReference; lastKnownFileType = wrapper.framework; name = AudioToolbox.framework; path = System/Library/Frameworks/AudioToolbox.framework; sourceTree = SDKROOT; };
		963C3C33186E3DED00A6EB1E /* GameController.framework */ = {isa = PBXFileReference; lastKnownFileType = wrapper.framework; name = GameController.framework; path = System/Library/Frameworks/GameController.framework; sourceTree = SDKROOT; };
		9678945F1788EBD000D6CA69 /* Info.plist */ = {isa = PBXFileReference; fileEncoding = 4; lastKnownFileType = text.plist.xml; name = Info.plist; path = iOS/Info.plist; sourceTree = SOURCE_ROOT; };
		967894621788EBD800D6CA69 /* en */ = {isa = PBXFileReference; lastKnownFileType = text.plist.strings; name = en; path = iOS/en.lproj/InfoPlist.strings; sourceTree = SOURCE_ROOT; };
		96AFAE2516C1D4EA009DE44C /* RetroArch iOS8.app */ = {isa = PBXFileReference; explicitFileType = wrapper.application; includeInIndex = 0; path = "RetroArch iOS8.app"; sourceTree = BUILT_PRODUCTS_DIR; };
		96AFAE2916C1D4EA009DE44C /* UIKit.framework */ = {isa = PBXFileReference; lastKnownFileType = wrapper.framework; name = UIKit.framework; path = System/Library/Frameworks/UIKit.framework; sourceTree = SDKROOT; };
		96AFAE2B16C1D4EA009DE44C /* Foundation.framework */ = {isa = PBXFileReference; lastKnownFileType = wrapper.framework; name = Foundation.framework; path = System/Library/Frameworks/Foundation.framework; sourceTree = SDKROOT; };
		96AFAE2D16C1D4EA009DE44C /* CoreGraphics.framework */ = {isa = PBXFileReference; lastKnownFileType = wrapper.framework; name = CoreGraphics.framework; path = System/Library/Frameworks/CoreGraphics.framework; sourceTree = SDKROOT; };
		96AFAE2F16C1D4EA009DE44C /* GLKit.framework */ = {isa = PBXFileReference; lastKnownFileType = wrapper.framework; name = GLKit.framework; path = System/Library/Frameworks/GLKit.framework; sourceTree = SDKROOT; };
		96AFAE3116C1D4EA009DE44C /* OpenGLES.framework */ = {isa = PBXFileReference; lastKnownFileType = wrapper.framework; name = OpenGLES.framework; path = System/Library/Frameworks/OpenGLES.framework; sourceTree = SDKROOT; };
		96AFAF4516C1E00A009DE44C /* bitmap.bin */ = {isa = PBXFileReference; lastKnownFileType = archive.macbinary; path = bitmap.bin; sourceTree = "<group>"; };
		96AFAF4616C1E00A009DE44C /* bitmap.bmp */ = {isa = PBXFileReference; lastKnownFileType = image.bmp; path = bitmap.bmp; sourceTree = "<group>"; };
/* End PBXFileReference section */

/* Begin PBXFrameworksBuildPhase section */
		96AFAE2216C1D4EA009DE44C /* Frameworks */ = {
			isa = PBXFrameworksBuildPhase;
			buildActionMask = 2147483647;
			files = (
				92CC05C721FEDD0B00FF79F0 /* MobileCoreServices.framework in Frameworks */,
				92CC05C521FEDC9F00FF79F0 /* CFNetwork.framework in Frameworks */,
				5040F0501AE47ED4006F6972 /* libz.dylib in Frameworks */,
				50C3B1AE1AB1107200F478D3 /* QuartzCore.framework in Frameworks */,
				5041BAF41A9D40D000A77A33 /* GameController.framework in Frameworks */,
				696012F219F3389A006A1088 /* CoreText.framework in Frameworks */,
				50CCC828185E0E7D001F5BC8 /* CoreLocation.framework in Frameworks */,
				501881EE184BB54C006F665D /* CoreMedia.framework in Frameworks */,
				501881EC184BAD6D006F665D /* AVFoundation.framework in Frameworks */,
				50E7189F184B88AA001956CE /* CoreVideo.framework in Frameworks */,
				96366C5916C9ACF500D64A22 /* AudioToolbox.framework in Frameworks */,
				96366C5516C9AC3300D64A22 /* CoreAudio.framework in Frameworks */,
				96AFAE2A16C1D4EA009DE44C /* UIKit.framework in Frameworks */,
				96AFAE2C16C1D4EA009DE44C /* Foundation.framework in Frameworks */,
				96AFAE2E16C1D4EA009DE44C /* CoreGraphics.framework in Frameworks */,
				96AFAE3016C1D4EA009DE44C /* GLKit.framework in Frameworks */,
				96AFAE3216C1D4EA009DE44C /* OpenGLES.framework in Frameworks */,
			);
			runOnlyForDeploymentPostprocessing = 0;
		};
/* End PBXFrameworksBuildPhase section */

/* Begin PBXGroup section */
		041939C722A0F4E400684552 /* WebServer */ = {
			isa = PBXGroup;
			children = (
				041939C822A0F4E400684552 /* GCDWebServer */,
				041939E822A0F4E400684552 /* WebServer.h */,
				041939E922A0F4E400684552 /* WebServer.m */,
				041939EA22A0F4E400684552 /* GCDWebUploader */,
			);
			path = WebServer;
			sourceTree = "<group>";
		};
		041939C822A0F4E400684552 /* GCDWebServer */ = {
			isa = PBXGroup;
			children = (
				041939C922A0F4E400684552 /* Core */,
				041939D622A0F4E400684552 /* Responses */,
				041939DF22A0F4E400684552 /* Requests */,
			);
			path = GCDWebServer;
			sourceTree = "<group>";
		};
		041939C922A0F4E400684552 /* Core */ = {
			isa = PBXGroup;
			children = (
				041939CA22A0F4E400684552 /* GCDWebServerFunctions.h */,
				041939CB22A0F4E400684552 /* GCDWebServerPrivate.h */,
				041939CC22A0F4E400684552 /* GCDWebServerResponse.m */,
				041939CD22A0F4E400684552 /* GCDWebServerConnection.h */,
				041939CE22A0F4E400684552 /* GCDWebServer.h */,
				041939CF22A0F4E400684552 /* GCDWebServerRequest.m */,
				041939D022A0F4E400684552 /* GCDWebServerHTTPStatusCodes.h */,
				041939D122A0F4E400684552 /* GCDWebServerResponse.h */,
				041939D222A0F4E400684552 /* GCDWebServerFunctions.m */,
				041939D322A0F4E400684552 /* GCDWebServer.m */,
				041939D422A0F4E400684552 /* GCDWebServerConnection.m */,
				041939D522A0F4E400684552 /* GCDWebServerRequest.h */,
			);
			path = Core;
			sourceTree = "<group>";
		};
		041939D622A0F4E400684552 /* Responses */ = {
			isa = PBXGroup;
			children = (
				041939D722A0F4E400684552 /* GCDWebServerFileResponse.h */,
				041939D822A0F4E400684552 /* GCDWebServerStreamedResponse.h */,
				041939D922A0F4E400684552 /* GCDWebServerErrorResponse.m */,
				041939DA22A0F4E400684552 /* GCDWebServerDataResponse.h */,
				041939DB22A0F4E400684552 /* GCDWebServerFileResponse.m */,
				041939DC22A0F4E400684552 /* GCDWebServerDataResponse.m */,
				041939DD22A0F4E400684552 /* GCDWebServerErrorResponse.h */,
				041939DE22A0F4E400684552 /* GCDWebServerStreamedResponse.m */,
			);
			path = Responses;
			sourceTree = "<group>";
		};
		041939DF22A0F4E400684552 /* Requests */ = {
			isa = PBXGroup;
			children = (
				041939E022A0F4E400684552 /* GCDWebServerDataRequest.h */,
				041939E122A0F4E400684552 /* GCDWebServerMultiPartFormRequest.h */,
				041939E222A0F4E400684552 /* GCDWebServerFileRequest.h */,
				041939E322A0F4E400684552 /* GCDWebServerURLEncodedFormRequest.m */,
				041939E422A0F4E400684552 /* GCDWebServerMultiPartFormRequest.m */,
				041939E522A0F4E400684552 /* GCDWebServerDataRequest.m */,
				041939E622A0F4E400684552 /* GCDWebServerFileRequest.m */,
				041939E722A0F4E400684552 /* GCDWebServerURLEncodedFormRequest.h */,
			);
			path = Requests;
			sourceTree = "<group>";
		};
		041939EA22A0F4E400684552 /* GCDWebUploader */ = {
			isa = PBXGroup;
			children = (
				041939EB22A0F4E400684552 /* GCDWebUploader.bundle */,
				041939EC22A0F4E400684552 /* GCDWebUploader.h */,
				041939ED22A0F4E400684552 /* GCDWebUploader.m */,
			);
			path = GCDWebUploader;
			sourceTree = "<group>";
		};
		500B12CE20185D000047A788 /* Recovered References */ = {
			isa = PBXGroup;
			children = (
				501232CB192E5FDC0063A359 /* sinc_resampler_neon.S */,
			);
			name = "Recovered References";
			sourceTree = "<group>";
		};
		83D632D719ECFCC4009E3161 /* Assets */ = {
			isa = PBXGroup;
			children = (
				83EB675F19EEAF050096F441 /* iOS/modules */,
				69D31DE31A547EC800EF4C92 /* iOS/Resources/Media.xcassets */,
			);
			name = Assets;
			path = Resources;
			sourceTree = "<group>";
		};
		96AFAE1A16C1D4EA009DE44C = {
			isa = PBXGroup;
			children = (
				507E056A1CE9C67500E023D3 /* float_to_s16_neon.S */,
				83D632D719ECFCC4009E3161 /* Assets */,
				50D00E8D19D117C400EBA71E /* cc_resampler_neon.S */,
				96AFAE9C16C1D976009DE44C /* core */,
				96AFAE2816C1D4EA009DE44C /* Frameworks */,
				96AFAE2616C1D4EA009DE44C /* Products */,
				96AFAE3416C1D4EA009DE44C /* Supporting Files */,
				503700AE1ACA18E400A51A37 /* Info.plist */,
				0FDA2A921BE1AFA800F2B5DA /* RetroArch_iOS9-Info.plist */,
				500B12CE20185D000047A788 /* Recovered References */,
				041939C722A0F4E400684552 /* WebServer */,
			);
			indentWidth = 3;
			sourceTree = "<group>";
			tabWidth = 3;
		};
		96AFAE2616C1D4EA009DE44C /* Products */ = {
			isa = PBXGroup;
			children = (
				96AFAE2516C1D4EA009DE44C /* RetroArch iOS8.app */,
			);
			name = Products;
			sourceTree = "<group>";
		};
		96AFAE2816C1D4EA009DE44C /* Frameworks */ = {
			isa = PBXGroup;
			children = (
				92CC05C621FEDD0B00FF79F0 /* MobileCoreServices.framework */,
				92CC05C421FEDC9F00FF79F0 /* CFNetwork.framework */,
				5040F04F1AE47ED4006F6972 /* libz.dylib */,
				50C3B1AD1AB1107100F478D3 /* QuartzCore.framework */,
				696012F119F3389A006A1088 /* CoreText.framework */,
				963C3C33186E3DED00A6EB1E /* GameController.framework */,
				50CCC827185E0E7D001F5BC8 /* CoreLocation.framework */,
				501881ED184BB54C006F665D /* CoreMedia.framework */,
				501881EB184BAD6D006F665D /* AVFoundation.framework */,
				50E7189E184B88AA001956CE /* CoreVideo.framework */,
				96366C5816C9ACF500D64A22 /* AudioToolbox.framework */,
				96366C5416C9AC3300D64A22 /* CoreAudio.framework */,
				96AFAE2916C1D4EA009DE44C /* UIKit.framework */,
				96AFAE2B16C1D4EA009DE44C /* Foundation.framework */,
				96AFAE2D16C1D4EA009DE44C /* CoreGraphics.framework */,
				96AFAE2F16C1D4EA009DE44C /* GLKit.framework */,
				96AFAE3116C1D4EA009DE44C /* OpenGLES.framework */,
			);
			name = Frameworks;
			sourceTree = "<group>";
		};
		96AFAE3416C1D4EA009DE44C /* Supporting Files */ = {
			isa = PBXGroup;
			children = (
				967894611788EBD800D6CA69 /* InfoPlist.strings */,
				9678945F1788EBD000D6CA69 /* Info.plist */,
			);
			name = "Supporting Files";
			path = RetroArch;
			sourceTree = "<group>";
		};
		96AFAE9C16C1D976009DE44C /* core */ = {
			isa = PBXGroup;
			children = (
				D48581DC16F823E2004BEB17 /* griffin */,
				96AFAEE516C1DC73009DE44C /* audio */,
				96AFAF3116C1E00A009DE44C /* gfx */,
			);
			name = core;
			sourceTree = "<group>";
		};
		96AFAEE516C1DC73009DE44C /* audio */ = {
			isa = PBXGroup;
			children = (
				501232CD192E5FE30063A359 /* s16_to_float_neon.S */,
			);
			name = audio;
			path = ../audio;
			sourceTree = "<group>";
		};
		96AFAF3116C1E00A009DE44C /* gfx */ = {
			isa = PBXGroup;
			children = (
				96AFAF4416C1E00A009DE44C /* fonts */,
			);
			name = gfx;
			path = ../gfx;
			sourceTree = "<group>";
		};
		96AFAF4416C1E00A009DE44C /* fonts */ = {
			isa = PBXGroup;
			children = (
				96AFAF4516C1E00A009DE44C /* bitmap.bin */,
				96AFAF4616C1E00A009DE44C /* bitmap.bmp */,
			);
			path = fonts;
			sourceTree = "<group>";
		};
		D48581DC16F823E2004BEB17 /* griffin */ = {
			isa = PBXGroup;
			children = (
				50521A431AA23BF500185CC9 /* griffin_objc.m */,
				501232C9192E5FC40063A359 /* griffin.c */,
			);
			name = griffin;
			sourceTree = "<group>";
		};
/* End PBXGroup section */

/* Begin PBXNativeTarget section */
		96AFAE2416C1D4EA009DE44C /* RetroArch iOS8 */ = {
			isa = PBXNativeTarget;
			buildConfigurationList = 96AFAE5416C1D4EA009DE44C /* Build configuration list for PBXNativeTarget "RetroArch iOS8" */;
			buildPhases = (
				96AFAE2116C1D4EA009DE44C /* Sources */,
				96AFAE2216C1D4EA009DE44C /* Frameworks */,
				96AFAE2316C1D4EA009DE44C /* Resources */,
			);
			buildRules = (
			);
			dependencies = (
			);
			name = "RetroArch iOS8";
			productName = RetroArch;
			productReference = 96AFAE2516C1D4EA009DE44C /* RetroArch iOS8.app */;
			productType = "com.apple.product-type.application";
		};
/* End PBXNativeTarget section */

/* Begin PBXProject section */
		96AFAE1C16C1D4EA009DE44C /* Project object */ = {
			isa = PBXProject;
			attributes = {
				LastUpgradeCheck = 0450;
				ORGANIZATIONNAME = RetroArch;
				TargetAttributes = {
					96AFAE2416C1D4EA009DE44C = {
						DevelopmentTeam = UK699V5ZS8;
					};
				};
			};
			buildConfigurationList = 96AFAE1F16C1D4EA009DE44C /* Build configuration list for PBXProject "RetroArch_iOS8" */;
			compatibilityVersion = "Xcode 3.2";
			developmentRegion = English;
			hasScannedForEncodings = 0;
			knownRegions = (
				en,
			);
			mainGroup = 96AFAE1A16C1D4EA009DE44C;
			productRefGroup = 96AFAE2616C1D4EA009DE44C /* Products */;
			projectDirPath = "";
			projectRoot = "";
			targets = (
				96AFAE2416C1D4EA009DE44C /* RetroArch iOS8 */,
			);
		};
/* End PBXProject section */

/* Begin PBXResourcesBuildPhase section */
		96AFAE2316C1D4EA009DE44C /* Resources */ = {
			isa = PBXResourcesBuildPhase;
			buildActionMask = 2147483647;
			files = (
				967894631788EBD800D6CA69 /* InfoPlist.strings in Resources */,
				69D31DE41A547EC800EF4C92 /* iOS/Resources/Media.xcassets in Resources */,
				041939FC22A0F4E400684552 /* GCDWebUploader.bundle in Resources */,
				83EB676019EEAF050096F441 /* iOS/modules in Resources */,
			);
			runOnlyForDeploymentPostprocessing = 0;
		};
/* End PBXResourcesBuildPhase section */

/* Begin PBXSourcesBuildPhase section */
		96AFAE2116C1D4EA009DE44C /* Sources */ = {
			isa = PBXSourcesBuildPhase;
			buildActionMask = 2147483647;
			files = (
				507E056B1CE9C67500E023D3 /* float_to_s16_neon.S in Sources */,
				50D00E8E19D117C400EBA71E /* cc_resampler_neon.S in Sources */,
				50521A441AA23BF500185CC9 /* griffin_objc.m in Sources */,
				041939FB22A0F4E400684552 /* WebServer.m in Sources */,
				041939F622A0F4E400684552 /* GCDWebServerStreamedResponse.m in Sources */,
				041939F522A0F4E400684552 /* GCDWebServerDataResponse.m in Sources */,
				501232CE192E5FE30063A359 /* s16_to_float_neon.S in Sources */,
				041939EF22A0F4E400684552 /* GCDWebServerRequest.m in Sources */,
				041939F822A0F4E400684552 /* GCDWebServerMultiPartFormRequest.m in Sources */,
				041939F922A0F4E400684552 /* GCDWebServerDataRequest.m in Sources */,
				041939F022A0F4E400684552 /* GCDWebServerFunctions.m in Sources */,
				041939FD22A0F4E400684552 /* GCDWebUploader.m in Sources */,
				041939FA22A0F4E400684552 /* GCDWebServerFileRequest.m in Sources */,
				041939F322A0F4E400684552 /* GCDWebServerErrorResponse.m in Sources */,
				041939EE22A0F4E400684552 /* GCDWebServerResponse.m in Sources */,
				501232CC192E5FDC0063A359 /* sinc_resampler_neon.S in Sources */,
				041939F722A0F4E400684552 /* GCDWebServerURLEncodedFormRequest.m in Sources */,
				041939F422A0F4E400684552 /* GCDWebServerFileResponse.m in Sources */,
				041939F122A0F4E400684552 /* GCDWebServer.m in Sources */,
				501232CA192E5FC40063A359 /* griffin.c in Sources */,
				041939F222A0F4E400684552 /* GCDWebServerConnection.m in Sources */,
			);
			runOnlyForDeploymentPostprocessing = 0;
		};
/* End PBXSourcesBuildPhase section */

/* Begin PBXVariantGroup section */
		967894611788EBD800D6CA69 /* InfoPlist.strings */ = {
			isa = PBXVariantGroup;
			children = (
				967894621788EBD800D6CA69 /* en */,
			);
			name = InfoPlist.strings;
			sourceTree = "<group>";
		};
/* End PBXVariantGroup section */

/* Begin XCBuildConfiguration section */
		96AFAE5216C1D4EA009DE44C /* Debug */ = {
			isa = XCBuildConfiguration;
			buildSettings = {
				ALWAYS_SEARCH_USER_PATHS = NO;
				CLANG_CXX_LANGUAGE_STANDARD = "gnu++0x";
				CLANG_CXX_LIBRARY = "libc++";
				CLANG_ENABLE_OBJC_ARC = YES;
				CLANG_WARN_EMPTY_BODY = YES;
				CLANG_WARN__DUPLICATE_METHOD_MATCH = YES;
				CODE_SIGN_IDENTITY = "";
				"CODE_SIGN_IDENTITY[sdk=iphoneos*]" = "";
				COPY_PHASE_STRIP = NO;
				ENABLE_BITCODE = NO;
				GCC_C_LANGUAGE_STANDARD = gnu99;
				GCC_DYNAMIC_NO_PIC = NO;
				GCC_OPTIMIZATION_LEVEL = 0;
				GCC_PREPROCESSOR_DEFINITIONS = (
					"DEBUG=1",
					"$(inherited)",
				);
				GCC_SYMBOLS_PRIVATE_EXTERN = NO;
				GCC_WARN_ABOUT_RETURN_TYPE = YES;
				GCC_WARN_UNINITIALIZED_AUTOS = YES;
				GCC_WARN_UNUSED_VARIABLE = YES;
				HEADER_SEARCH_PATHS = ../;
				IPHONEOS_DEPLOYMENT_TARGET = 8.4;
				ONLY_ACTIVE_ARCH = NO;
				OTHER_CFLAGS = (
					"-DHAVE_NETWORKGAMEPAD",
					"-DHAVE_STB_FONT",
					"-DHAVE_HID",
					"-DHAVE_NETWORKING",
					"-DHAVE_NETPLAYDISCOVERY",
					"-DHAVE_RUNAHEAD",
					"-DHAVE_TRANSLATE",
					"-DHAVE_GRIFFIN",
					"-DHAVE_STB_VORBIS",
					"-DHAVE_MINIUPNPC",
					"-DHAVE_BUILTINMINIUPNPC",
					"-DHAVE_UPDATE_ASSETS",
					"-DHAVE_UPDATE_CORES",
					"-DHAVE_ONLINE_UPDATER",
					"-DHAVE_LANGEXTRA",
					"-DHAVE_CHEEVOS",
					"-DRC_DISABLE_LUA",
					"-DHAVE_IMAGEVIEWER",
					"-DHAVE_RGUI",
					"-DHAVE_MENU",
					"-DHAVE_MENU_WIDGETS",
					"-DHAVE_LIBRETRODB",
					"-DHAVE_AUDIOMIXER",
					"-DIOS",
					"-DHAVE_DYNAMIC",
					"-DHAVE_OPENGL",
					"-DHAVE_OPENGLES",
					"-DHAVE_OPENGLES2",
					"-DHAVE_CC_RESAMPLER",
					"-DHAVE_GLSL",
					"-DINLINE=inline",
					"-DHAVE_THREADS",
					"-D__LIBRETRO__",
					"-DRARCH_MOBILE",
					"-std=gnu99",
					"-DHAVE_COREAUDIO",
					"-DHAVE_OVERLAY",
					"-DHAVE_VIDEO_LAYOUT",
					"-DHAVE_ZLIB",
					"-DHAVE_RPNG",
					"-DHAVE_RJPEG",
					"-DHAVE_RBMP",
					"-DHAVE_RTGA",
					"-DHAVE_COCOATOUCH",
					"-DHAVE_MAIN",
				);
				"OTHER_LDFLAGS[arch=*]" = "-Wl,-segalign,4000";
				SDKROOT = iphoneos;
				TARGETED_DEVICE_FAMILY = "1,2";
				VALID_ARCHS = armv7;
			};
			name = Debug;
		};
		96AFAE5316C1D4EA009DE44C /* Release */ = {
			isa = XCBuildConfiguration;
			buildSettings = {
				ALWAYS_SEARCH_USER_PATHS = NO;
				CLANG_CXX_LANGUAGE_STANDARD = "gnu++0x";
				CLANG_CXX_LIBRARY = "libc++";
				CLANG_ENABLE_OBJC_ARC = YES;
				CLANG_WARN_EMPTY_BODY = YES;
				CLANG_WARN__DUPLICATE_METHOD_MATCH = YES;
				CODE_SIGN_IDENTITY = "";
				"CODE_SIGN_IDENTITY[sdk=iphoneos*]" = "";
				COPY_PHASE_STRIP = NO;
				ENABLE_BITCODE = NO;
				GCC_C_LANGUAGE_STANDARD = gnu99;
				GCC_OPTIMIZATION_LEVEL = 2;
				GCC_WARN_ABOUT_RETURN_TYPE = YES;
				GCC_WARN_UNINITIALIZED_AUTOS = YES;
				GCC_WARN_UNUSED_VARIABLE = YES;
				HEADER_SEARCH_PATHS = ../;
				IPHONEOS_DEPLOYMENT_TARGET = 8.4;
				OTHER_CFLAGS = (
					"-DNS_BLOCK_ASSERTIONS=1",
					"-DNDEBUG",
					"-DHAVE_NETWORKGAMEPAD",
					"-DHAVE_STB_FONT",
					"-DHAVE_HID",
					"-DHAVE_NETWORKING",
					"-DHAVE_NETPLAYDISCOVERY",
					"-DHAVE_RUNAHEAD",
					"-DHAVE_TRANSLATE",
					"-DHAVE_GRIFFIN",
					"-DHAVE_STB_VORBIS",
					"-DHAVE_MINIUPNPC",
					"-DHAVE_BUILTINMINIUPNPC",
					"-DHAVE_UPDATE_ASSETS",
					"-DHAVE_UPDATE_CORES",
					"-DHAVE_ONLINE_UPDATER",
					"-DHAVE_LANGEXTRA",
					"-DHAVE_CHEEVOS",
					"-DRC_DISABLE_LUA",
					"-DHAVE_IMAGEVIEWER",
					"-DHAVE_RGUI",
					"-DHAVE_MENU",
					"-DHAVE_MENU_WIDGETS",
					"-DHAVE_LIBRETRODB",
					"-DHAVE_AUDIOMIXER",
					"-DIOS",
					"-DHAVE_DYNAMIC",
					"-DHAVE_OPENGL",
					"-DHAVE_OPENGLES",
					"-DHAVE_OPENGLES2",
					"-DHAVE_CC_RESAMPLER",
					"-DHAVE_GLSL",
					"-DINLINE=inline",
					"-DHAVE_THREADS",
					"-D__LIBRETRO__",
					"-DRARCH_MOBILE",
					"-std=gnu99",
					"-DHAVE_COREAUDIO",
					"-DHAVE_OVERLAY",
					"-DHAVE_VIDEO_LAYOUT",
					"-DHAVE_ZLIB",
					"-DHAVE_RPNG",
					"-DHAVE_RJPEG",
					"-DHAVE_RBMP",
					"-DHAVE_RTGA",
					"-DHAVE_COCOATOUCH",
					"-DHAVE_MAIN",
				);
				"OTHER_LDFLAGS[arch=*]" = "-Wl,-segalign,4000";
				SDKROOT = iphoneos;
				TARGETED_DEVICE_FAMILY = "1,2";
				VALIDATE_PRODUCT = YES;
				VALID_ARCHS = armv7;
			};
			name = Release;
		};
		96AFAE5516C1D4EA009DE44C /* Debug */ = {
			isa = XCBuildConfiguration;
			buildSettings = {
				ARCHS = armv7;
				ASSETCATALOG_COMPILER_APPICON_NAME = AppIcon;
				ASSETCATALOG_COMPILER_LAUNCHIMAGE_NAME = LaunchImage;
				CLANG_CXX_LIBRARY = "libstdc++";
				CODE_SIGN_IDENTITY = "iPhone Developer";
				"CODE_SIGN_IDENTITY[sdk=iphoneos*]" = "iPhone Developer";
				CODE_SIGN_RESOURCE_RULES_PATH = "$(SDKROOT)/ResourceRules.plist";
				DEVELOPMENT_TEAM = UK699V5ZS8;
				ENABLE_BITCODE = NO;
				GCC_PRECOMPILE_PREFIX_HEADER = NO;
				GCC_PREFIX_HEADER = "";
				HEADER_SEARCH_PATHS = (
					../../,
					../../libretro-common/include,
					../../libretro-common/include/compat/zlib,
					../../deps/stb,
					../../deps/rcheevos/include,
					../../deps,
				);
				INFOPLIST_FILE = "$(SRCROOT)/iOS/Info.plist";
				INFOPLIST_OUTPUT_FORMAT = XML;
				IPHONEOS_DEPLOYMENT_TARGET = 8.4;
				LD_NO_PIE = YES;
				LIBRARY_SEARCH_PATHS = "";
				ONLY_ACTIVE_ARCH = NO;
				OTHER_CFLAGS = (
					"-DHAVE_NETWORKGAMEPAD",
					"-DHAVE_STB_FONT",
					"-DHAVE_HID",
					"-DHAVE_NETWORKING",
					"-DHAVE_NETPLAYDISCOVERY",
					"-DHAVE_RUNAHEAD",
					"-DHAVE_TRANSLATE",
					"-DHAVE_GRIFFIN",
					"-DHAVE_STB_VORBIS",
					"-DHAVE_MINIUPNPC",
					"-DHAVE_BUILTINMINIUPNPC",
					"-DHAVE_UPDATE_ASSETS",
					"-DHAVE_UPDATE_CORES",
					"-DHAVE_ONLINE_UPDATER",
					"-DHAVE_LANGEXTRA",
					"-DHAVE_CHEEVOS",
					"-DRC_DISABLE_LUA",
					"-DHAVE_IMAGEVIEWER",
					"-DHAVE_RGUI",
					"-DHAVE_MENU",
					"-DHAVE_MENU_WIDGETS",
					"-DHAVE_LIBRETRODB",
					"-DHAVE_AUDIOMIXER",
					"-DIOS",
					"-DHAVE_OPENGL",
					"-DHAVE_OPENGLES",
					"-DHAVE_OPENGLES2",
					"-DHAVE_CC_RESAMPLER",
					"-DHAVE_GLSL",
					"-DINLINE=inline",
					"-D__LIBRETRO__",
					"-DRARCH_MOBILE",
					"-DHAVE_COREAUDIO",
					"-DHAVE_DYNAMIC",
					"-DHAVE_OVERLAY",
					"-DHAVE_VIDEO_LAYOUT",
					"-DHAVE_ZLIB",
					"-DHAVE_RPNG",
					"-DHAVE_RJPEG",
					"-DHAVE_RBMP",
					"-DHAVE_RTGA",
					"-DHAVE_COCOATOUCH",
					"-DHAVE_MAIN",
					"-DRARCH_INTERNAL",
					"-DHAVE_THREADS",
					"-DHAVE_FILTERS_BUILTIN",
					"-DHAVE_MATERIALUI",
					"-DHAVE_XMB",
					"-DHAVE_OZONE",
					"-DHAVE_SHADERPIPELINE",
					"-D_LZMA_UINT32_IS_ULONG",
					"-DHAVE_MFI",
					"-DHAVE_BTSTACK",
				);
				PRODUCT_BUNDLE_IDENTIFIER = com.libretro.RetroArch8;
				PRODUCT_NAME = "$(TARGET_NAME)";
				PROVISIONING_PROFILE = "";
				VALID_ARCHS = armv7;
				WARNING_CFLAGS = "-Wno-invalid-source-encoding";
				WRAPPER_EXTENSION = app;
			};
			name = Debug;
		};
		96AFAE5616C1D4EA009DE44C /* Release */ = {
			isa = XCBuildConfiguration;
			buildSettings = {
				ARCHS = armv7;
				ASSETCATALOG_COMPILER_APPICON_NAME = AppIcon;
				ASSETCATALOG_COMPILER_LAUNCHIMAGE_NAME = LaunchImage;
				CLANG_CXX_LIBRARY = "libstdc++";
				CODE_SIGN_IDENTITY = "iPhone Developer";
				"CODE_SIGN_IDENTITY[sdk=iphoneos*]" = "iPhone Developer";
				CODE_SIGN_RESOURCE_RULES_PATH = "$(SDKROOT)/ResourceRules.plist";
				DEVELOPMENT_TEAM = UK699V5ZS8;
				ENABLE_BITCODE = NO;
				GCC_PRECOMPILE_PREFIX_HEADER = NO;
				GCC_PREFIX_HEADER = "";
				HEADER_SEARCH_PATHS = (
					../../,
					../../libretro-common/include,
					../../libretro-common/include/compat/zlib,
					../../deps/stb,
					../../deps/rcheevos/include,
					../../deps,
				);
				INFOPLIST_FILE = "$(SRCROOT)/iOS/Info.plist";
				INFOPLIST_OUTPUT_FORMAT = XML;
				IPHONEOS_DEPLOYMENT_TARGET = 8.4;
				LD_NO_PIE = YES;
				LIBRARY_SEARCH_PATHS = "";
				OTHER_CFLAGS = (
					"-DNS_BLOCK_ASSERTIONS=1",
					"-DNDEBUG",
					"-DHAVE_NETWORKGAMEPAD",
					"-DHAVE_STB_FONT",
					"-DHAVE_HID",
					"-DHAVE_NETWORKING",
					"-DHAVE_NETPLAYDISCOVERY",
					"-DHAVE_RUNAHEAD",
					"-DHAVE_TRANSLATE",
					"-DHAVE_GRIFFIN",
					"-DHAVE_STB_VORBIS",
					"-DHAVE_MINIUPNPC",
					"-DHAVE_BUILTINMINIUPNPC",
					"-DHAVE_UPDATE_ASSETS",
					"-DHAVE_UPDATE_CORES",
					"-DHAVE_ONLINE_UPDATER",
					"-DHAVE_LANGEXTRA",
					"-DHAVE_CHEEVOS",
					"-DRC_DISABLE_LUA",
					"-DHAVE_IMAGEVIEWER",
					"-DHAVE_RGUI",
					"-DHAVE_MENU",
					"-DHAVE_MENU_WIDGETS",
					"-DHAVE_LIBRETRODB",
					"-DHAVE_AUDIOMIXER",
					"-DIOS",
					"-DHAVE_OPENGL",
					"-DHAVE_OPENGLES",
					"-DHAVE_OPENGLES2",
					"-DHAVE_CC_RESAMPLER",
					"-DHAVE_GLSL",
					"-DINLINE=inline",
					"-D__LIBRETRO__",
					"-DRARCH_MOBILE",
					"-DHAVE_COREAUDIO",
					"-DHAVE_DYNAMIC",
					"-DHAVE_OVERLAY",
					"-DHAVE_VIDEO_LAYOUT",
					"-DHAVE_ZLIB",
					"-DHAVE_RPNG",
					"-DHAVE_RJPEG",
					"-DHAVE_RBMP",
					"-DHAVE_RTGA",
					"-DHAVE_COCOATOUCH",
					"-DHAVE_MAIN",
					"-DRARCH_INTERNAL",
					"-DHAVE_THREADS",
					"-DHAVE_FILTERS_BUILTIN",
					"-DHAVE_7ZIP",
					"-DHAVE_MATERIALUI",
					"-DHAVE_XMB",
					"-DHAVE_OZONE",
					"-DHAVE_SHADERPIPELINE",
					"-D_LZMA_UINT32_IS_ULONG",
					"-DHAVE_MFI",
					"-DHAVE_BTSTACK",
				);
				"OTHER_CFLAGS[arch=*]" = (
					"-DNS_BLOCK_ASSERTIONS=1",
					"-DNDEBUG",
					"-DHAVE_NETWORKGAMEPAD",
					"-DHAVE_STB_FONT",
					"-DHAVE_HID",
					"-DHAVE_NETWORKING",
					"-DHAVE_NETPLAYDISCOVERY",
					"-DHAVE_RUNAHEAD",
					"-DHAVE_TRANSLATE",
					"-DHAVE_GRIFFIN",
					"-DHAVE_STB_VORBIS",
					"-DHAVE_MINIUPNPC",
					"-DHAVE_BUILTINMINIUPNPC",
					"-DHAVE_UPDATE_ASSETS",
					"-DHAVE_UPDATE_CORES",
					"-DHAVE_ONLINE_UPDATER",
					"-DHAVE_LANGEXTRA",
					"-DHAVE_CHEEVOS",
					"-DRC_DISABLE_LUA",
					"-DHAVE_IMAGEVIEWER",
					"-DHAVE_RGUI",
					"-DHAVE_MENU",
					"-DHAVE_MENU_WIDGETS",
					"-DHAVE_LIBRETRODB",
					"-DHAVE_AUDIOMIXER",
					"-DIOS",
					"-DHAVE_OPENGL",
					"-DHAVE_OPENGLES",
					"-DHAVE_OPENGLES2",
					"-DHAVE_CC_RESAMPLER",
					"-DHAVE_GLSL",
					"-DINLINE=inline",
					"-D__LIBRETRO__",
					"-DRARCH_MOBILE",
					"-DHAVE_COREAUDIO",
					"-DHAVE_DYNAMIC",
					"-DRARCH_INTERNAL",
					"-DHAVE_OVERLAY",
					"-DHAVE_VIDEO_LAYOUT",
					"-DHAVE_ZLIB",
					"-DHAVE_RPNG",
					"-DHAVE_RJPEG",
					"-DHAVE_RBMP",
					"-DHAVE_RTGA",
					"-DHAVE_COCOATOUCH",
					"-DHAVE_MAIN",
					"-DHAVE_THREADS",
					"-DHAVE_FILTERS_BUILTIN",
					"-DHAVE_7ZIP",
					"-DHAVE_MATERIALUI",
					"-DHAVE_XMB",
					"-DHAVE_OZONE",
					"-DHAVE_SHADERPIPELINE",
					"-D_LZMA_UINT32_IS_ULONG",
					"-DHAVE_MFI",
					"-DHAVE_BTSTACK",
				);
				PRODUCT_BUNDLE_IDENTIFIER = com.libretro.RetroArch8;
				PRODUCT_NAME = "$(TARGET_NAME)";
				PROVISIONING_PROFILE = "";
				VALID_ARCHS = armv7;
				WARNING_CFLAGS = "-Wno-invalid-source-encoding";
				WRAPPER_EXTENSION = app;
			};
			name = Release;
		};
/* End XCBuildConfiguration section */

/* Begin XCConfigurationList section */
		96AFAE1F16C1D4EA009DE44C /* Build configuration list for PBXProject "RetroArch_iOS8" */ = {
			isa = XCConfigurationList;
			buildConfigurations = (
				96AFAE5216C1D4EA009DE44C /* Debug */,
				96AFAE5316C1D4EA009DE44C /* Release */,
			);
			defaultConfigurationIsVisible = 0;
			defaultConfigurationName = Release;
		};
		96AFAE5416C1D4EA009DE44C /* Build configuration list for PBXNativeTarget "RetroArch iOS8" */ = {
			isa = XCConfigurationList;
			buildConfigurations = (
				96AFAE5516C1D4EA009DE44C /* Debug */,
				96AFAE5616C1D4EA009DE44C /* Release */,
			);
			defaultConfigurationIsVisible = 0;
			defaultConfigurationName = Release;
		};
/* End XCConfigurationList section */
	};
	rootObject = 96AFAE1C16C1D4EA009DE44C /* Project object */;
}
